<?xml version="1.0" encoding="utf-8"?>
<Project ToolsVersion="4.0" xmlns="http://schemas.microsoft.com/developer/msbuild/2003">
  <ItemGroup>
    <ClInclude Include="Stack.h" />
    <ClInclude Include="Queue.h" />
    <ClInclude Include="StackArray.h" />
    <ClInclude Include="Queue2Stacks.h" />
  </ItemGroup>
  <ItemGroup>
    <ClCompile Include="main.cpp" />
  </ItemGroup>
  <ItemGroup>
    <Text Include="code.txt" />
  </ItemGroup>
</Project>